
Microsoft Visual Studio Solution File, Format Version 12.00
# Visual Studio Version 17
VisualStudioVersion = 17.7.34031.279
MinimumVisualStudioVersion = 10.0.40219.1
Project("{FAE04EC0-301F-11D3-BF4B-00C04F79EFBC}") = "WebApplication1", "WebApplication1.csproj", "{26869BAD-7CDE-4A73-BEC2-03194130B5BD}"
EndProject
Global
	GlobalSection(SolutionConfigurationPlatforms) = preSolution
		Debug|Any CPU = Debug|Any CPU
		Release|Any CPU = Release|Any CPU
	EndGlobalSection
	GlobalSection(ProjectConfigurationPlatforms) = postSolution
		{26869BAD-7CDE-4A73-BEC2-03194130B5BD}.Debug|Any CPU.ActiveCfg = Debug|Any CPU
		{26869BAD-7CDE-4A73-BEC2-03194130B5BD}.Debug|Any CPU.Build.0 = Debug|Any CPU
		{26869BAD-7CDE-4A73-BEC2-03194130B5BD}.Release|Any CPU.ActiveCfg = Release|Any CPU
		{26869BAD-7CDE-4A73-BEC2-03194130B5BD}.Release|Any CPU.Build.0 = Release|Any CPU
	EndGlobalSection
	GlobalSection(SolutionProperties) = preSolution
		HideSolutionNode = FALSE
	EndGlobalSection
	GlobalSection(ExtensibilityGlobals) = postSolution
		SolutionGuid = {52A73365-6618-4E37-A0F5-2A395F6D3595}
	EndGlobalSection
EndGlobal
